// !$*UTF8*$!
{
	archiveVersion = 1;
	classes = {
	};
	objectVersion = 46;
	objects = {

/* Begin PBXBuildFile section */
		F4A5767119893C850030D9C8 /* Foundation.framework in Frameworks */ = {isa = PBXBuildFile; fileRef = F4A5767019893C850030D9C8 /* Foundation.framework */; };
		F4A5767319893C850030D9C8 /* CoreGraphics.framework in Frameworks */ = {isa = PBXBuildFile; fileRef = F4A5767219893C850030D9C8 /* CoreGraphics.framework */; };
		F4A5767519893C850030D9C8 /* UIKit.framework in Frameworks */ = {isa = PBXBuildFile; fileRef = F4A5767419893C850030D9C8 /* UIKit.framework */; };
		F4A5767B19893C850030D9C8 /* InfoPlist.strings in Resources */ = {isa = PBXBuildFile; fileRef = F4A5767919893C850030D9C8 /* InfoPlist.strings */; };
		F4A5767D19893C850030D9C8 /* main.m in Sources */ = {isa = PBXBuildFile; fileRef = F4A5767C19893C850030D9C8 /* main.m */; };
		F4A5768119893C850030D9C8 /* MDXAppDelegate.m in Sources */ = {isa = PBXBuildFile; fileRef = F4A5768019893C850030D9C8 /* MDXAppDelegate.m */; };
		F4A5768319893C850030D9C8 /* Images.xcassets in Resources */ = {isa = PBXBuildFile; fileRef = F4A5768219893C850030D9C8 /* Images.xcassets */; };
/* End PBXBuildFile section */

/* Begin PBXFileReference section */
		F4A5766D19893C850030D9C8 /* CaptiveNetworkTest.app */ = {isa = PBXFileReference; explicitFileType = wrapper.application; includeInIndex = 0; path = CaptiveNetworkTest.app; sourceTree = BUILT_PRODUCTS_DIR; };
		F4A5767019893C850030D9C8 /* Foundation.framework */ = {isa = PBXFileReference; lastKnownFileType = wrapper.framework; name = Foundation.framework; path = System/Library/Frameworks/Foundation.framework; sourceTree = SDKROOT; };
		F4A5767219893C850030D9C8 /* CoreGraphics.framework */ = {isa = PBXFileReference; lastKnownFileType = wrapper.framework; name = CoreGraphics.framework; path = System/Library/Frameworks/CoreGraphics.framework; sourceTree = SDKROOT; };
		F4A5767419893C850030D9C8 /* UIKit.framework */ = {isa = PBXFileReference; lastKnownFileType = wrapper.framework; name = UIKit.framework; path = System/Library/Frameworks/UIKit.framework; sourceTree = SDKROOT; };
		F4A5767819893C850030D9C8 /* CaptiveNetworkTest-Info.plist */ = {isa = PBXFileReference; lastKnownFileType = text.plist.xml; path = "CaptiveNetworkTest-Info.plist"; sourceTree = "<group>"; };
		F4A5767A19893C850030D9C8 /* en */ = {isa = PBXFileReference; lastKnownFileType = text.plist.strings; name = en; path = en.lproj/InfoPlist.strings; sourceTree = "<group>"; };
		F4A5767C19893C850030D9C8 /* main.m */ = {isa = PBXFileReference; lastKnownFileType = sourcecode.c.objc; path = main.m; sourceTree = "<group>"; };
		F4A5767E19893C850030D9C8 /* CaptiveNetworkTest-Prefix.pch */ = {isa = PBXFileReference; lastKnownFileType = sourcecode.c.h; path = "CaptiveNetworkTest-Prefix.pch"; sourceTree = "<group>"; };
		F4A5767F19893C850030D9C8 /* MDXAppDelegate.h */ = {isa = PBXFileReference; lastKnownFileType = sourcecode.c.h; path = MDXAppDelegate.h; sourceTree = "<group>"; };
		F4A5768019893C850030D9C8 /* MDXAppDelegate.m */ = {isa = PBXFileReference; lastKnownFileType = sourcecode.c.objc; path = MDXAppDelegate.m; sourceTree = "<group>"; };
		F4A5768219893C850030D9C8 /* Images.xcassets */ = {isa = PBXFileReference; lastKnownFileType = folder.assetcatalog; path = Images.xcassets; sourceTree = "<group>"; };
		F4A5768919893C850030D9C8 /* XCTest.framework */ = {isa = PBXFileReference; lastKnownFileType = wrapper.framework; name = XCTest.framework; path = Library/Frameworks/XCTest.framework; sourceTree = DEVELOPER_DIR; };
/* End PBXFileReference section */

/* Begin PBXFrameworksBuildPhase section */
		F4A5766A19893C850030D9C8 /* Frameworks */ = {
			isa = PBXFrameworksBuildPhase;
			buildActionMask = 2147483647;
			files = (
				F4A5767319893C850030D9C8 /* CoreGraphics.framework in Frameworks */,
				F4A5767519893C850030D9C8 /* UIKit.framework in Frameworks */,
				F4A5767119893C850030D9C8 /* Foundation.framework in Frameworks */,
			);
			runOnlyForDeploymentPostprocessing = 0;
		};
/* End PBXFrameworksBuildPhase section */

/* Begin PBXGroup section */
		F4A5766419893C850030D9C8 = {
			isa = PBXGroup;
			children = (
				F4A5767619893C850030D9C8 /* CaptiveNetworkTest */,
				F4A5766F19893C850030D9C8 /* Frameworks */,
				F4A5766E19893C850030D9C8 /* Products */,
			);
			sourceTree = "<group>";
		};
		F4A5766E19893C850030D9C8 /* Products */ = {
			isa = PBXGroup;
			children = (
				F4A5766D19893C850030D9C8 /* CaptiveNetworkTest.app */,
			);
			name = Products;
			sourceTree = "<group>";
		};
		F4A5766F19893C850030D9C8 /* Frameworks */ = {
			isa = PBXGroup;
			children = (
				F4A5767019893C850030D9C8 /* Foundation.framework */,
				F4A5767219893C850030D9C8 /* CoreGraphics.framework */,
				F4A5767419893C850030D9C8 /* UIKit.framework */,
				F4A5768919893C850030D9C8 /* XCTest.framework */,
			);
			name = Frameworks;
			sourceTree = "<group>";
		};
		F4A5767619893C850030D9C8 /* CaptiveNetworkTest */ = {
			isa = PBXGroup;
			children = (
				F4A5767F19893C850030D9C8 /* MDXAppDelegate.h */,
				F4A5768019893C850030D9C8 /* MDXAppDelegate.m */,
				F4A5768219893C850030D9C8 /* Images.xcassets */,
				F4A5767719893C850030D9C8 /* Supporting Files */,
			);
			path = CaptiveNetworkTest;
			sourceTree = "<group>";
		};
		F4A5767719893C850030D9C8 /* Supporting Files */ = {
			isa = PBXGroup;
			children = (
				F4A5767819893C850030D9C8 /* CaptiveNetworkTest-Info.plist */,
				F4A5767919893C850030D9C8 /* InfoPlist.strings */,
				F4A5767C19893C850030D9C8 /* main.m */,
				F4A5767E19893C850030D9C8 /* CaptiveNetworkTest-Prefix.pch */,
			);
			name = "Supporting Files";
			sourceTree = "<group>";
		};
/* End PBXGroup section */

/* Begin PBXNativeTarget section */
		F4A5766C19893C850030D9C8 /* CaptiveNetworkTest */ = {
			isa = PBXNativeTarget;
			buildConfigurationList = F4A5769919893C850030D9C8 /* Build configuration list for PBXNativeTarget "CaptiveNetworkTest" */;
			buildPhases = (
				F4A5766919893C850030D9C8 /* Sources */,
				F4A5766A19893C850030D9C8 /* Frameworks */,
				F4A5766B19893C850030D9C8 /* Resources */,
			);
			buildRules = (
			);
			dependencies = (
			);
			name = CaptiveNetworkTest;
			productName = CaptiveNetworkTest;
			productReference = F4A5766D19893C850030D9C8 /* CaptiveNetworkTest.app */;
			productType = "com.apple.product-type.application";
		};
/* End PBXNativeTarget section */

/* Begin PBXProject section */
		F4A5766519893C850030D9C8 /* Project object */ = {
			isa = PBXProject;
			attributes = {
				CLASSPREFIX = MDX;
				LastUpgradeCheck = 0510;
				ORGANIZATIONNAME = "Maddox Ltd";
			};
			buildConfigurationList = F4A5766819893C850030D9C8 /* Build configuration list for PBXProject "CaptiveNetworkTest" */;
			compatibilityVersion = "Xcode 3.2";
			developmentRegion = English;
			hasScannedForEncodings = 0;
			knownRegions = (
				en,
			);
			mainGroup = F4A5766419893C850030D9C8;
			productRefGroup = F4A5766E19893C850030D9C8 /* Products */;
			projectDirPath = "";
			projectRoot = "";
			targets = (
				F4A5766C19893C850030D9C8 /* CaptiveNetworkTest */,
			);
		};
/* End PBXProject section */

/* Begin PBXResourcesBuildPhase section */
		F4A5766B19893C850030D9C8 /* Resources */ = {
			isa = PBXResourcesBuildPhase;
			buildActionMask = 2147483647;
			files = (
				F4A5767B19893C850030D9C8 /* InfoPlist.strings in Resources */,
				F4A5768319893C850030D9C8 /* Images.xcassets in Resources */,
			);
			runOnlyForDeploymentPostprocessing = 0;
		};
/* End PBXResourcesBuildPhase section */

/* Begin PBXSourcesBuildPhase section */
		F4A5766919893C850030D9C8 /* Sources */ = {
			isa = PBXSourcesBuildPhase;
			buildActionMask = 2147483647;
			files = (
				F4A5768119893C850030D9C8 /* MDXAppDelegate.m in Sources */,
				F4A5767D19893C850030D9C8 /* main.m in Sources */,
			);
			runOnlyForDeploymentPostprocessing = 0;
		};
/* End PBXSourcesBuildPhase section */

/* Begin PBXVariantGroup section */
		F4A5767919893C850030D9C8 /* InfoPlist.strings */ = {
			isa = PBXVariantGroup;
			children = (
				F4A5767A19893C850030D9C8 /* en */,
			);
			name = InfoPlist.strings;
			sourceTree = "<group>";
		};
/* End PBXVariantGroup section */

/* Begin XCBuildConfiguration section */
		F4A5769719893C850030D9C8 /* Debug */ = {
			isa = XCBuildConfiguration;
			buildSettings = {
				ALWAYS_SEARCH_USER_PATHS = NO;
				CLANG_CXX_LANGUAGE_STANDARD = "gnu++0x";
				CLANG_CXX_LIBRARY = "libc++";
				CLANG_ENABLE_MODULES = YES;
				CLANG_ENABLE_OBJC_ARC = YES;
				CLANG_WARN_BOOL_CONVERSION = YES;
				CLANG_WARN_CONSTANT_CONVERSION = YES;
				CLANG_WARN_DIRECT_OBJC_ISA_USAGE = YES_ERROR;
				CLANG_WARN_EMPTY_BODY = YES;
				CLANG_WARN_ENUM_CONVERSION = YES;
				CLANG_WARN_INT_CONVERSION = YES;
				CLANG_WARN_OBJC_ROOT_CLASS = YES_ERROR;
				CLANG_WARN__DUPLICATE_METHOD_MATCH = YES;
				"CODE_SIGN_IDENTITY[sdk=iphoneos*]" = "iPhone Developer";
				COPY_PHASE_STRIP = NO;
				GCC_C_LANGUAGE_STANDARD = gnu99;
				GCC_DYNAMIC_NO_PIC = NO;
				GCC_OPTIMIZATION_LEVEL = 0;
				GCC_PREPROCESSOR_DEFINITIONS = (
					"DEBUG=1",
					"$(inherited)",
				);
				GCC_SYMBOLS_PRIVATE_EXTERN = NO;
				GCC_WARN_64_TO_32_BIT_CONVERSION = YES;
				GCC_WARN_ABOUT_RETURN_TYPE = YES_ERROR;
				GCC_WARN_UNDECLARED_SELECTOR = YES;
				GCC_WARN_UNINITIALIZED_AUTOS = YES_AGGRESSIVE;
				GCC_WARN_UNUSED_FUNCTION = YES;
				GCC_WARN_UNUSED_VARIABLE = YES;
				IPHONEOS_DEPLOYMENT_TARGET = 7.1;
				ONLY_ACTIVE_ARCH = YES;
				SDKROOT = iphoneos;
			};
			name = Debug;
		};
		F4A5769819893C850030D9C8 /* Release */ = {
			isa = XCBuildConfiguration;
			buildSettings = {
				ALWAYS_SEARCH_USER_PATHS = NO;
				CLANG_CXX_LANGUAGE_STANDARD = "gnu++0x";
				CLANG_CXX_LIBRARY = "libc++";
				CLANG_ENABLE_MODULES = YES;
				CLANG_ENABLE_OBJC_ARC = YES;
				CLANG_WARN_BOOL_CONVERSION = YES;
				CLANG_WARN_CONSTANT_CONVERSION = YES;
				CLANG_WARN_DIRECT_OBJC_ISA_USAGE = YES_ERROR;
				CLANG_WARN_EMPTY_BODY = YES;
				CLANG_WARN_ENUM_CONVERSION = YES;
				CLANG_WARN_INT_CONVERSION = YES;
				CLANG_WARN_OBJC_ROOT_CLASS = YES_ERROR;
				CLANG_WARN__DUPLICATE_METHOD_MATCH = YES;
				"CODE_SIGN_IDENTITY[sdk=iphoneos*]" = "iPhone Developer";
				COPY_PHASE_STRIP = YES;
				ENABLE_NS_ASSERTIONS = NO;
				GCC_C_LANGUAGE_STANDARD = gnu99;
				GCC_WARN_64_TO_32_BIT_CONVERSION = YES;
				GCC_WARN_ABOUT_RETURN_TYPE = YES_ERROR;
				GCC_WARN_UNDECLARED_SELECTOR = YES;
				GCC_WARN_UNINITIALIZED_AUTOS = YES_AGGRESSIVE;
				GCC_WARN_UNUSED_FUNCTION = YES;
				GCC_WARN_UNUSED_VARIABLE = YES;
				IPHONEOS_DEPLOYMENT_TARGET = 7.1;
				SDKROOT = iphoneos;
				VALIDATE_PRODUCT = YES;
			};
			name = Release;
		};
		F4A5769A19893C850030D9C8 /* Debug */ = {
			isa = XCBuildConfiguration;
			buildSettings = {
				ASSETCATALOG_COMPILER_APPICON_NAME = AppIcon;
				ASSETCATALOG_COMPILER_LAUNCHIMAGE_NAME = LaunchImage;
				GCC_PRECOMPILE_PREFIX_HEADER = YES;
				GCC_PREFIX_HEADER = "CaptiveNetworkTest/CaptiveNetworkTest-Prefix.pch";
				INFOPLIST_FILE = "CaptiveNetworkTest/CaptiveNetworkTest-Info.plist";
				PRODUCT_NAME = "$(TARGET_NAME)";
				WRAPPER_EXTENSION = app;
			};
			name = Debug;
		};
		F4A5769B19893C850030D9C8 /* Release */ = {
			isa = XCBuildConfiguration;
			buildSettings = {
				ASSETCATALOG_COMPILER_APPICON_NAME = AppIcon;
				ASSETCATALOG_COMPILER_LAUNCHIMAGE_NAME = LaunchImage;
				GCC_PRECOMPILE_PREFIX_HEADER = YES;
				GCC_PREFIX_HEADER = "CaptiveNetworkTest/CaptiveNetworkTest-Prefix.pch";
				INFOPLIST_FILE = "CaptiveNetworkTest/CaptiveNetworkTest-Info.plist";
				PRODUCT_NAME = "$(TARGET_NAME)";
				WRAPPER_EXTENSION = app;
			};
			name = Release;
		};
/* End XCBuildConfiguration section */

/* Begin XCConfigurationList section */
		F4A5766819893C850030D9C8 /* Build configuration list for PBXProject "CaptiveNetworkTest" */ = {
			isa = XCConfigurationList;
			buildConfigurations = (
				F4A5769719893C850030D9C8 /* Debug */,
				F4A5769819893C850030D9C8 /* Release */,
			);
			defaultConfigurationIsVisible = 0;
			defaultConfigurationName = Release;
		};
		F4A5769919893C850030D9C8 /* Build configuration list for PBXNativeTarget "CaptiveNetworkTest" */ = {
			isa = XCConfigurationList;
			buildConfigurations = (
				F4A5769A19893C850030D9C8 /* Debug */,
				F4A5769B19893C850030D9C8 /* Release */,
			);
			defaultConfigurationIsVisible = 0;
		};
/* End XCConfigurationList section */
	};
	rootObject = F4A5766519893C850030D9C8 /* Project object */;
}
